{
  "requires": true,
  "lockfileVersion": 1,
  "dependencies": {
    "jssha": {
      "version": "2.3.1",
      "resolved": "https://registry.npmjs.org/jssha/-/jssha-2.3.1.tgz",
      "integrity": "sha1-FHshJTaQNcpLL30hDcU58Amz3po="
    },
    "phoneformat.js": {
      "version": "1.0.6",
      "resolved": "https://registry.npmjs.org/phoneformat.js/-/phoneformat.js-1.0.6.tgz",
      "integrity": "sha1-Ea3HZytZA2fV7SaHUhJLN2ZMGmI="
    }
  }
}
